
Microsoft Visual Studio Solution File, Format Version 12.00
# Visual Studio 15
VisualStudioVersion = 15.0.27130.2026
MinimumVisualStudioVersion = 10.0.40219.1
Project("{9A19103F-16F7-4668-BE54-9A1E7A4F7556}") = "Rbec", "Rbec\Rbec.csproj", "{EF154965-B7FC-4466-88FE-B5D975BD3EBC}"
EndProject
Project("{FAE04EC0-301F-11D3-BF4B-00C04F79EFBC}") = "Rbec.Tests", "Rbec.Tests\Rbec.Tests.csproj", "{48EF9A75-C6D6-4947-9601-8B54360142D4}"
EndProject
Global
	GlobalSection(SolutionConfigurationPlatforms) = preSolution
		Debug|Any CPU = Debug|Any CPU
		Release|Any CPU = Release|Any CPU
	EndGlobalSection
	GlobalSection(ProjectConfigurationPlatforms) = postSolution
		{EF154965-B7FC-4466-88FE-B5D975BD3EBC}.Debug|Any CPU.ActiveCfg = Debug|Any CPU
		{EF154965-B7FC-4466-88FE-B5D975BD3EBC}.Debug|Any CPU.Build.0 = Debug|Any CPU
		{EF154965-B7FC-4466-88FE-B5D975BD3EBC}.Release|Any CPU.ActiveCfg = Release|Any CPU
		{EF154965-B7FC-4466-88FE-B5D975BD3EBC}.Release|Any CPU.Build.0 = Release|Any CPU
		{48EF9A75-C6D6-4947-9601-8B54360142D4}.Debug|Any CPU.ActiveCfg = Debug|Any CPU
		{48EF9A75-C6D6-4947-9601-8B54360142D4}.Debug|Any CPU.Build.0 = Debug|Any CPU
		{48EF9A75-C6D6-4947-9601-8B54360142D4}.Release|Any CPU.ActiveCfg = Release|Any CPU
		{48EF9A75-C6D6-4947-9601-8B54360142D4}.Release|Any CPU.Build.0 = Release|Any CPU
	EndGlobalSection
	GlobalSection(SolutionProperties) = preSolution
		HideSolutionNode = FALSE
	EndGlobalSection
	GlobalSection(ExtensibilityGlobals) = postSolution
		SolutionGuid = {18773FC9-2373-4C70-8BFF-9EEC36161ED3}
	EndGlobalSection
EndGlobal
